// !$*UTF8*$!
{
	archiveVersion = 1;
	classes = {
	};
	objectVersion = 46;
	objects = {

/* Begin PBXBuildFile section */
		C4CBADBC1C094FA600CDFC8D /* main.m in Sources */ = {isa = PBXBuildFile; fileRef = C4CBADBB1C094FA600CDFC8D /* main.m */; };
		C4CBADBF1C094FA600CDFC8D /* AppDelegate.m in Sources */ = {isa = PBXBuildFile; fileRef = C4CBADBE1C094FA600CDFC8D /* AppDelegate.m */; };
		C4CBADC21C094FA600CDFC8D /* ViewController.m in Sources */ = {isa = PBXBuildFile; fileRef = C4CBADC11C094FA600CDFC8D /* ViewController.m */; };
		C4CBADC51C094FA600CDFC8D /* Main.storyboard in Resources */ = {isa = PBXBuildFile; fileRef = C4CBADC31C094FA600CDFC8D /* Main.storyboard */; };
		C4CBADC71C094FA600CDFC8D /* Assets.xcassets in Resources */ = {isa = PBXBuildFile; fileRef = C4CBADC61C094FA600CDFC8D /* Assets.xcassets */; };
		C4CBADCA1C094FA600CDFC8D /* LaunchScreen.storyboard in Resources */ = {isa = PBXBuildFile; fileRef = C4CBADC81C094FA600CDFC8D /* LaunchScreen.storyboard */; };
		C4CBADD31C09514300CDFC8D /* TwoViewController.m in Sources */ = {isa = PBXBuildFile; fileRef = C4CBADD21C09514300CDFC8D /* TwoViewController.m */; };
		C4CBADE11C09DEAD00CDFC8D /* Alert.m in Sources */ = {isa = PBXBuildFile; fileRef = C4CBADE01C09DEAD00CDFC8D /* Alert.m */; };
		C4CBADE41C0A81B000CDFC8D /* NavViewController.m in Sources */ = {isa = PBXBuildFile; fileRef = C4CBADE31C0A81B000CDFC8D /* NavViewController.m */; };
		C4CBADE71C0A8B5C00CDFC8D /* WindowViewController.m in Sources */ = {isa = PBXBuildFile; fileRef = C4CBADE61C0A8B5C00CDFC8D /* WindowViewController.m */; };
		C4CBADEA1C0A992E00CDFC8D /* IWindow.m in Sources */ = {isa = PBXBuildFile; fileRef = C4CBADE91C0A992E00CDFC8D /* IWindow.m */; };
		C4CBADED1C0AB6F400CDFC8D /* BFToolNotArc.m in Sources */ = {isa = PBXBuildFile; fileRef = C4CBADEC1C0AB6F400CDFC8D /* BFToolNotArc.m */; settings = {COMPILER_FLAGS = "-fno-objc-arc"; }; };
		C4CBADEF1C0C43EB00CDFC8D /* test.jpg in Resources */ = {isa = PBXBuildFile; fileRef = C4CBADEE1C0C43EB00CDFC8D /* test.jpg */; };
		C4CBADF21C0C458800CDFC8D /* WebViewController.m in Sources */ = {isa = PBXBuildFile; fileRef = C4CBADF11C0C458800CDFC8D /* WebViewController.m */; };
/* End PBXBuildFile section */

/* Begin PBXFileReference section */
		C4CBADB71C094FA600CDFC8D /* demo.app */ = {isa = PBXFileReference; explicitFileType = wrapper.application; includeInIndex = 0; path = demo.app; sourceTree = BUILT_PRODUCTS_DIR; };
		C4CBADBB1C094FA600CDFC8D /* main.m */ = {isa = PBXFileReference; lastKnownFileType = sourcecode.c.objc; path = main.m; sourceTree = "<group>"; };
		C4CBADBD1C094FA600CDFC8D /* AppDelegate.h */ = {isa = PBXFileReference; lastKnownFileType = sourcecode.c.h; path = AppDelegate.h; sourceTree = "<group>"; };
		C4CBADBE1C094FA600CDFC8D /* AppDelegate.m */ = {isa = PBXFileReference; lastKnownFileType = sourcecode.c.objc; path = AppDelegate.m; sourceTree = "<group>"; };
		C4CBADC01C094FA600CDFC8D /* ViewController.h */ = {isa = PBXFileReference; lastKnownFileType = sourcecode.c.h; path = ViewController.h; sourceTree = "<group>"; };
		C4CBADC11C094FA600CDFC8D /* ViewController.m */ = {isa = PBXFileReference; lastKnownFileType = sourcecode.c.objc; path = ViewController.m; sourceTree = "<group>"; };
		C4CBADC41C094FA600CDFC8D /* Base */ = {isa = PBXFileReference; lastKnownFileType = file.storyboard; name = Base; path = Base.lproj/Main.storyboard; sourceTree = "<group>"; };
		C4CBADC61C094FA600CDFC8D /* Assets.xcassets */ = {isa = PBXFileReference; lastKnownFileType = folder.assetcatalog; path = Assets.xcassets; sourceTree = "<group>"; };
		C4CBADC91C094FA600CDFC8D /* Base */ = {isa = PBXFileReference; lastKnownFileType = file.storyboard; name = Base; path = Base.lproj/LaunchScreen.storyboard; sourceTree = "<group>"; };
		C4CBADCB1C094FA600CDFC8D /* Info.plist */ = {isa = PBXFileReference; lastKnownFileType = text.plist.xml; path = Info.plist; sourceTree = "<group>"; };
		C4CBADD11C09514300CDFC8D /* TwoViewController.h */ = {isa = PBXFileReference; fileEncoding = 4; lastKnownFileType = sourcecode.c.h; path = TwoViewController.h; sourceTree = "<group>"; };
		C4CBADD21C09514300CDFC8D /* TwoViewController.m */ = {isa = PBXFileReference; fileEncoding = 4; lastKnownFileType = sourcecode.c.objc; path = TwoViewController.m; sourceTree = "<group>"; };
		C4CBADDF1C09DEAD00CDFC8D /* Alert.h */ = {isa = PBXFileReference; fileEncoding = 4; lastKnownFileType = sourcecode.c.h; path = Alert.h; sourceTree = "<group>"; };
		C4CBADE01C09DEAD00CDFC8D /* Alert.m */ = {isa = PBXFileReference; fileEncoding = 4; lastKnownFileType = sourcecode.c.objc; path = Alert.m; sourceTree = "<group>"; };
		C4CBADE21C0A81B000CDFC8D /* NavViewController.h */ = {isa = PBXFileReference; fileEncoding = 4; lastKnownFileType = sourcecode.c.h; path = NavViewController.h; sourceTree = "<group>"; };
		C4CBADE31C0A81B000CDFC8D /* NavViewController.m */ = {isa = PBXFileReference; fileEncoding = 4; lastKnownFileType = sourcecode.c.objc; path = NavViewController.m; sourceTree = "<group>"; };
		C4CBADE51C0A8B5C00CDFC8D /* WindowViewController.h */ = {isa = PBXFileReference; fileEncoding = 4; lastKnownFileType = sourcecode.c.h; path = WindowViewController.h; sourceTree = "<group>"; };
		C4CBADE61C0A8B5C00CDFC8D /* WindowViewController.m */ = {isa = PBXFileReference; fileEncoding = 4; lastKnownFileType = sourcecode.c.objc; path = WindowViewController.m; sourceTree = "<group>"; };
		C4CBADE81C0A992E00CDFC8D /* IWindow.h */ = {isa = PBXFileReference; fileEncoding = 4; lastKnownFileType = sourcecode.c.h; path = IWindow.h; sourceTree = "<group>"; };
		C4CBADE91C0A992E00CDFC8D /* IWindow.m */ = {isa = PBXFileReference; fileEncoding = 4; lastKnownFileType = sourcecode.c.objc; path = IWindow.m; sourceTree = "<group>"; };
		C4CBADEB1C0AB6F400CDFC8D /* BFToolNotArc.h */ = {isa = PBXFileReference; fileEncoding = 4; lastKnownFileType = sourcecode.c.h; path = BFToolNotArc.h; sourceTree = "<group>"; };
		C4CBADEC1C0AB6F400CDFC8D /* BFToolNotArc.m */ = {isa = PBXFileReference; fileEncoding = 4; lastKnownFileType = sourcecode.c.objc; path = BFToolNotArc.m; sourceTree = "<group>"; };
		C4CBADEE1C0C43EB00CDFC8D /* test.jpg */ = {isa = PBXFileReference; lastKnownFileType = image.jpeg; path = test.jpg; sourceTree = "<group>"; };
		C4CBADF01C0C458800CDFC8D /* WebViewController.h */ = {isa = PBXFileReference; fileEncoding = 4; lastKnownFileType = sourcecode.c.h; path = WebViewController.h; sourceTree = "<group>"; };
		C4CBADF11C0C458800CDFC8D /* WebViewController.m */ = {isa = PBXFileReference; fileEncoding = 4; lastKnownFileType = sourcecode.c.objc; path = WebViewController.m; sourceTree = "<group>"; };
/* End PBXFileReference section */

/* Begin PBXFrameworksBuildPhase section */
		C4CBADB41C094FA600CDFC8D /* Frameworks */ = {
			isa = PBXFrameworksBuildPhase;
			buildActionMask = 2147483647;
			files = (
			);
			runOnlyForDeploymentPostprocessing = 0;
		};
/* End PBXFrameworksBuildPhase section */

/* Begin PBXGroup section */
		C4CBADAE1C094FA600CDFC8D = {
			isa = PBXGroup;
			children = (
				C4CBADB91C094FA600CDFC8D /* demo */,
				C4CBADB81C094FA600CDFC8D /* Products */,
			);
			sourceTree = "<group>";
		};
		C4CBADB81C094FA600CDFC8D /* Products */ = {
			isa = PBXGroup;
			children = (
				C4CBADB71C094FA600CDFC8D /* demo.app */,
			);
			name = Products;
			sourceTree = "<group>";
		};
		C4CBADB91C094FA600CDFC8D /* demo */ = {
			isa = PBXGroup;
			children = (
				C4CBADEE1C0C43EB00CDFC8D /* test.jpg */,
				C4CBADEB1C0AB6F400CDFC8D /* BFToolNotArc.h */,
				C4CBADEC1C0AB6F400CDFC8D /* BFToolNotArc.m */,
				C4CBADBD1C094FA600CDFC8D /* AppDelegate.h */,
				C4CBADBE1C094FA600CDFC8D /* AppDelegate.m */,
				C4CBADC01C094FA600CDFC8D /* ViewController.h */,
				C4CBADC11C094FA600CDFC8D /* ViewController.m */,
				C4CBADC31C094FA600CDFC8D /* Main.storyboard */,
				C4CBADC61C094FA600CDFC8D /* Assets.xcassets */,
				C4CBADC81C094FA600CDFC8D /* LaunchScreen.storyboard */,
				C4CBADCB1C094FA600CDFC8D /* Info.plist */,
				C4CBADBA1C094FA600CDFC8D /* Supporting Files */,
				C4CBADD11C09514300CDFC8D /* TwoViewController.h */,
				C4CBADD21C09514300CDFC8D /* TwoViewController.m */,
				C4CBADDF1C09DEAD00CDFC8D /* Alert.h */,
				C4CBADE01C09DEAD00CDFC8D /* Alert.m */,
				C4CBADE21C0A81B000CDFC8D /* NavViewController.h */,
				C4CBADE31C0A81B000CDFC8D /* NavViewController.m */,
				C4CBADE51C0A8B5C00CDFC8D /* WindowViewController.h */,
				C4CBADE61C0A8B5C00CDFC8D /* WindowViewController.m */,
				C4CBADE81C0A992E00CDFC8D /* IWindow.h */,
				C4CBADE91C0A992E00CDFC8D /* IWindow.m */,
			);
			path = demo;
			sourceTree = "<group>";
		};
		C4CBADBA1C094FA600CDFC8D /* Supporting Files */ = {
			isa = PBXGroup;
			children = (
				C4CBADBB1C094FA600CDFC8D /* main.m */,
				C4CBADF01C0C458800CDFC8D /* WebViewController.h */,
				C4CBADF11C0C458800CDFC8D /* WebViewController.m */,
			);
			name = "Supporting Files";
			sourceTree = "<group>";
		};
/* End PBXGroup section */

/* Begin PBXNativeTarget section */
		C4CBADB61C094FA600CDFC8D /* demo */ = {
			isa = PBXNativeTarget;
			buildConfigurationList = C4CBADCE1C094FA600CDFC8D /* Build configuration list for PBXNativeTarget "demo" */;
			buildPhases = (
				C4CBADB31C094FA600CDFC8D /* Sources */,
				C4CBADB41C094FA600CDFC8D /* Frameworks */,
				C4CBADB51C094FA600CDFC8D /* Resources */,
			);
			buildRules = (
			);
			dependencies = (
			);
			name = demo;
			productName = demo;
			productReference = C4CBADB71C094FA600CDFC8D /* demo.app */;
			productType = "com.apple.product-type.application";
		};
/* End PBXNativeTarget section */

/* Begin PBXProject section */
		C4CBADAF1C094FA600CDFC8D /* Project object */ = {
			isa = PBXProject;
			attributes = {
				LastUpgradeCheck = 0710;
				ORGANIZATIONNAME = Lirui;
				TargetAttributes = {
					C4CBADB61C094FA600CDFC8D = {
						CreatedOnToolsVersion = 7.1.1;
					};
				};
			};
			buildConfigurationList = C4CBADB21C094FA600CDFC8D /* Build configuration list for PBXProject "demo" */;
			compatibilityVersion = "Xcode 3.2";
			developmentRegion = English;
			hasScannedForEncodings = 0;
			knownRegions = (
				en,
				Base,
			);
			mainGroup = C4CBADAE1C094FA600CDFC8D;
			productRefGroup = C4CBADB81C094FA600CDFC8D /* Products */;
			projectDirPath = "";
			projectRoot = "";
			targets = (
				C4CBADB61C094FA600CDFC8D /* demo */,
			);
		};
/* End PBXProject section */

/* Begin PBXResourcesBuildPhase section */
		C4CBADB51C094FA600CDFC8D /* Resources */ = {
			isa = PBXResourcesBuildPhase;
			buildActionMask = 2147483647;
			files = (
				C4CBADCA1C094FA600CDFC8D /* LaunchScreen.storyboard in Resources */,
				C4CBADC71C094FA600CDFC8D /* Assets.xcassets in Resources */,
				C4CBADC51C094FA600CDFC8D /* Main.storyboard in Resources */,
				C4CBADEF1C0C43EB00CDFC8D /* test.jpg in Resources */,
			);
			runOnlyForDeploymentPostprocessing = 0;
		};
/* End PBXResourcesBuildPhase section */

/* Begin PBXSourcesBuildPhase section */
		C4CBADB31C094FA600CDFC8D /* Sources */ = {
			isa = PBXSourcesBuildPhase;
			buildActionMask = 2147483647;
			files = (
				C4CBADC21C094FA600CDFC8D /* ViewController.m in Sources */,
				C4CBADF21C0C458800CDFC8D /* WebViewController.m in Sources */,
				C4CBADE71C0A8B5C00CDFC8D /* WindowViewController.m in Sources */,
				C4CBADE11C09DEAD00CDFC8D /* Alert.m in Sources */,
				C4CBADBF1C094FA600CDFC8D /* AppDelegate.m in Sources */,
				C4CBADBC1C094FA600CDFC8D /* main.m in Sources */,
				C4CBADEA1C0A992E00CDFC8D /* IWindow.m in Sources */,
				C4CBADED1C0AB6F400CDFC8D /* BFToolNotArc.m in Sources */,
				C4CBADE41C0A81B000CDFC8D /* NavViewController.m in Sources */,
				C4CBADD31C09514300CDFC8D /* TwoViewController.m in Sources */,
			);
			runOnlyForDeploymentPostprocessing = 0;
		};
/* End PBXSourcesBuildPhase section */

/* Begin PBXVariantGroup section */
		C4CBADC31C094FA600CDFC8D /* Main.storyboard */ = {
			isa = PBXVariantGroup;
			children = (
				C4CBADC41C094FA600CDFC8D /* Base */,
			);
			name = Main.storyboard;
			sourceTree = "<group>";
		};
		C4CBADC81C094FA600CDFC8D /* LaunchScreen.storyboard */ = {
			isa = PBXVariantGroup;
			children = (
				C4CBADC91C094FA600CDFC8D /* Base */,
			);
			name = LaunchScreen.storyboard;
			sourceTree = "<group>";
		};
/* End PBXVariantGroup section */

/* Begin XCBuildConfiguration section */
		C4CBADCC1C094FA600CDFC8D /* Debug */ = {
			isa = XCBuildConfiguration;
			buildSettings = {
				ALWAYS_SEARCH_USER_PATHS = NO;
				CLANG_CXX_LANGUAGE_STANDARD = "gnu++0x";
				CLANG_CXX_LIBRARY = "libc++";
				CLANG_ENABLE_MODULES = YES;
				CLANG_ENABLE_OBJC_ARC = YES;
				CLANG_WARN_BOOL_CONVERSION = YES;
				CLANG_WARN_CONSTANT_CONVERSION = YES;
				CLANG_WARN_DIRECT_OBJC_ISA_USAGE = YES_ERROR;
				CLANG_WARN_EMPTY_BODY = YES;
				CLANG_WARN_ENUM_CONVERSION = YES;
				CLANG_WARN_INT_CONVERSION = YES;
				CLANG_WARN_OBJC_ROOT_CLASS = YES_ERROR;
				CLANG_WARN_UNREACHABLE_CODE = YES;
				CLANG_WARN__DUPLICATE_METHOD_MATCH = YES;
				"CODE_SIGN_IDENTITY[sdk=iphoneos*]" = "iPhone Developer";
				COPY_PHASE_STRIP = NO;
				DEBUG_INFORMATION_FORMAT = dwarf;
				ENABLE_STRICT_OBJC_MSGSEND = YES;
				ENABLE_TESTABILITY = YES;
				GCC_C_LANGUAGE_STANDARD = gnu99;
				GCC_DYNAMIC_NO_PIC = NO;
				GCC_NO_COMMON_BLOCKS = YES;
				GCC_OPTIMIZATION_LEVEL = 0;
				GCC_PREPROCESSOR_DEFINITIONS = (
					"DEBUG=1",
					"$(inherited)",
				);
				GCC_WARN_64_TO_32_BIT_CONVERSION = YES;
				GCC_WARN_ABOUT_RETURN_TYPE = YES_ERROR;
				GCC_WARN_UNDECLARED_SELECTOR = YES;
				GCC_WARN_UNINITIALIZED_AUTOS = YES_AGGRESSIVE;
				GCC_WARN_UNUSED_FUNCTION = YES;
				GCC_WARN_UNUSED_VARIABLE = YES;
				IPHONEOS_DEPLOYMENT_TARGET = 7.0;
				MTL_ENABLE_DEBUG_INFO = YES;
				ONLY_ACTIVE_ARCH = YES;
				SDKROOT = iphoneos;
				TARGETED_DEVICE_FAMILY = "1,2";
			};
			name = Debug;
		};
		C4CBADCD1C094FA600CDFC8D /* Release */ = {
			isa = XCBuildConfiguration;
			buildSettings = {
				ALWAYS_SEARCH_USER_PATHS = NO;
				CLANG_CXX_LANGUAGE_STANDARD = "gnu++0x";
				CLANG_CXX_LIBRARY = "libc++";
				CLANG_ENABLE_MODULES = YES;
				CLANG_ENABLE_OBJC_ARC = YES;
				CLANG_WARN_BOOL_CONVERSION = YES;
				CLANG_WARN_CONSTANT_CONVERSION = YES;
				CLANG_WARN_DIRECT_OBJC_ISA_USAGE = YES_ERROR;
				CLANG_WARN_EMPTY_BODY = YES;
				CLANG_WARN_ENUM_CONVERSION = YES;
				CLANG_WARN_INT_CONVERSION = YES;
				CLANG_WARN_OBJC_ROOT_CLASS = YES_ERROR;
				CLANG_WARN_UNREACHABLE_CODE = YES;
				CLANG_WARN__DUPLICATE_METHOD_MATCH = YES;
				"CODE_SIGN_IDENTITY[sdk=iphoneos*]" = "iPhone Developer";
				COPY_PHASE_STRIP = NO;
				DEBUG_INFORMATION_FORMAT = "dwarf-with-dsym";
				ENABLE_NS_ASSERTIONS = NO;
				ENABLE_STRICT_OBJC_MSGSEND = YES;
				GCC_C_LANGUAGE_STANDARD = gnu99;
				GCC_NO_COMMON_BLOCKS = YES;
				GCC_WARN_64_TO_32_BIT_CONVERSION = YES;
				GCC_WARN_ABOUT_RETURN_TYPE = YES_ERROR;
				GCC_WARN_UNDECLARED_SELECTOR = YES;
				GCC_WARN_UNINITIALIZED_AUTOS = YES_AGGRESSIVE;
				GCC_WARN_UNUSED_FUNCTION = YES;
				GCC_WARN_UNUSED_VARIABLE = YES;
				IPHONEOS_DEPLOYMENT_TARGET = 7.0;
				MTL_ENABLE_DEBUG_INFO = NO;
				SDKROOT = iphoneos;
				TARGETED_DEVICE_FAMILY = "1,2";
				VALIDATE_PRODUCT = YES;
			};
			name = Release;
		};
		C4CBADCF1C094FA600CDFC8D /* Debug */ = {
			isa = XCBuildConfiguration;
			buildSettings = {
				ASSETCATALOG_COMPILER_APPICON_NAME = AppIcon;
				INFOPLIST_FILE = demo/Info.plist;
				IPHONEOS_DEPLOYMENT_TARGET = 7.0;
				LD_RUNPATH_SEARCH_PATHS = "$(inherited) @executable_path/Frameworks";
				PRODUCT_BUNDLE_IDENTIFIER = com.codecate.demo;
				PRODUCT_NAME = "$(TARGET_NAME)";
			};
			name = Debug;
		};
		C4CBADD01C094FA600CDFC8D /* Release */ = {
			isa = XCBuildConfiguration;
			buildSettings = {
				ASSETCATALOG_COMPILER_APPICON_NAME = AppIcon;
				INFOPLIST_FILE = demo/Info.plist;
				IPHONEOS_DEPLOYMENT_TARGET = 7.0;
				LD_RUNPATH_SEARCH_PATHS = "$(inherited) @executable_path/Frameworks";
				PRODUCT_BUNDLE_IDENTIFIER = com.codecate.demo;
				PRODUCT_NAME = "$(TARGET_NAME)";
			};
			name = Release;
		};
/* End XCBuildConfiguration section */

/* Begin XCConfigurationList section */
		C4CBADB21C094FA600CDFC8D /* Build configuration list for PBXProject "demo" */ = {
			isa = XCConfigurationList;
			buildConfigurations = (
				C4CBADCC1C094FA600CDFC8D /* Debug */,
				C4CBADCD1C094FA600CDFC8D /* Release */,
			);
			defaultConfigurationIsVisible = 0;
			defaultConfigurationName = Release;
		};
		C4CBADCE1C094FA600CDFC8D /* Build configuration list for PBXNativeTarget "demo" */ = {
			isa = XCConfigurationList;
			buildConfigurations = (
				C4CBADCF1C094FA600CDFC8D /* Debug */,
				C4CBADD01C094FA600CDFC8D /* Release */,
			);
			defaultConfigurationIsVisible = 0;
		};
/* End XCConfigurationList section */
	};
	rootObject = C4CBADAF1C094FA600CDFC8D /* Project object */;
}
